
Microsoft Visual Studio Solution File, Format Version 12.00
# Visual Studio Version 16
VisualStudioVersion = 16.0.31410.357
MinimumVisualStudioVersion = 10.0.40219.1
Project("{FAE04EC0-301F-11D3-BF4B-00C04F79EFBC}") = "Singleton", "Singleton\Singleton.csproj", "{D5DD9E32-9C1B-4060-9392-F3187AB3FFD5}"
EndProject
Project("{FAE04EC0-301F-11D3-BF4B-00C04F79EFBC}") = "FactoryMethod", "FactoryMethod\FactoryMethod.csproj", "{D75843BD-AD1B-4791-B769-56106928217B}"
EndProject
Project("{FAE04EC0-301F-11D3-BF4B-00C04F79EFBC}") = "AbstractFactory", "AbstractFactory\AbstractFactory.csproj", "{C3AA94C8-F351-40FA-8620-04AD19AF0580}"
EndProject
Project("{FAE04EC0-301F-11D3-BF4B-00C04F79EFBC}") = "Prototype", "Prototype\Prototype.csproj", "{8FE05FB9-88ED-4311-8F78-C78F3E62A4FE}"
EndProject
Global
	GlobalSection(SolutionConfigurationPlatforms) = preSolution
		Debug|Any CPU = Debug|Any CPU
		Release|Any CPU = Release|Any CPU
	EndGlobalSection
	GlobalSection(ProjectConfigurationPlatforms) = postSolution
		{D5DD9E32-9C1B-4060-9392-F3187AB3FFD5}.Debug|Any CPU.ActiveCfg = Debug|Any CPU
		{D5DD9E32-9C1B-4060-9392-F3187AB3FFD5}.Debug|Any CPU.Build.0 = Debug|Any CPU
		{D5DD9E32-9C1B-4060-9392-F3187AB3FFD5}.Release|Any CPU.ActiveCfg = Release|Any CPU
		{D5DD9E32-9C1B-4060-9392-F3187AB3FFD5}.Release|Any CPU.Build.0 = Release|Any CPU
		{D75843BD-AD1B-4791-B769-56106928217B}.Debug|Any CPU.ActiveCfg = Debug|Any CPU
		{D75843BD-AD1B-4791-B769-56106928217B}.Debug|Any CPU.Build.0 = Debug|Any CPU
		{D75843BD-AD1B-4791-B769-56106928217B}.Release|Any CPU.ActiveCfg = Release|Any CPU
		{D75843BD-AD1B-4791-B769-56106928217B}.Release|Any CPU.Build.0 = Release|Any CPU
		{C3AA94C8-F351-40FA-8620-04AD19AF0580}.Debug|Any CPU.ActiveCfg = Debug|Any CPU
		{C3AA94C8-F351-40FA-8620-04AD19AF0580}.Debug|Any CPU.Build.0 = Debug|Any CPU
		{C3AA94C8-F351-40FA-8620-04AD19AF0580}.Release|Any CPU.ActiveCfg = Release|Any CPU
		{C3AA94C8-F351-40FA-8620-04AD19AF0580}.Release|Any CPU.Build.0 = Release|Any CPU
		{8FE05FB9-88ED-4311-8F78-C78F3E62A4FE}.Debug|Any CPU.ActiveCfg = Debug|Any CPU
		{8FE05FB9-88ED-4311-8F78-C78F3E62A4FE}.Debug|Any CPU.Build.0 = Debug|Any CPU
		{8FE05FB9-88ED-4311-8F78-C78F3E62A4FE}.Release|Any CPU.ActiveCfg = Release|Any CPU
		{8FE05FB9-88ED-4311-8F78-C78F3E62A4FE}.Release|Any CPU.Build.0 = Release|Any CPU
	EndGlobalSection
	GlobalSection(SolutionProperties) = preSolution
		HideSolutionNode = FALSE
	EndGlobalSection
	GlobalSection(ExtensibilityGlobals) = postSolution
		SolutionGuid = {453D161D-1F82-4A76-9A6B-E4A46A175C52}
	EndGlobalSection
EndGlobal
